
Microsoft Visual Studio Solution File, Format Version 12.00
# Visual Studio 15
VisualStudioVersion = 15.0.28010.2003
MinimumVisualStudioVersion = 10.0.40219.1
Project("{FAE04EC0-301F-11D3-BF4B-00C04F79EFBC}") = "Cooki", "Cooki\Cooki.csproj", "{CBA6E529-4DF0-4083-A16C-7375596420B8}"
EndProject
Global
	GlobalSection(SolutionConfigurationPlatforms) = preSolution
		Debug|Any CPU = Debug|Any CPU
		Release|Any CPU = Release|Any CPU
	EndGlobalSection
	GlobalSection(ProjectConfigurationPlatforms) = postSolution
		{CBA6E529-4DF0-4083-A16C-7375596420B8}.Debug|Any CPU.ActiveCfg = Debug|Any CPU
		{CBA6E529-4DF0-4083-A16C-7375596420B8}.Debug|Any CPU.Build.0 = Debug|Any CPU
		{CBA6E529-4DF0-4083-A16C-7375596420B8}.Release|Any CPU.ActiveCfg = Release|Any CPU
		{CBA6E529-4DF0-4083-A16C-7375596420B8}.Release|Any CPU.Build.0 = Release|Any CPU
	EndGlobalSection
	GlobalSection(SolutionProperties) = preSolution
		HideSolutionNode = FALSE
	EndGlobalSection
	GlobalSection(ExtensibilityGlobals) = postSolution
		SolutionGuid = {B7543A8D-6550-415E-BE67-1F2C3B0EF453}
	EndGlobalSection
EndGlobal
