
Microsoft Visual Studio Solution File, Format Version 12.00
# Visual Studio 15
VisualStudioVersion = 15.0.28010.2003
MinimumVisualStudioVersion = 10.0.40219.1
Project("{FAE04EC0-301F-11D3-BF4B-00C04F79EFBC}") = "SVC", "SVC\SVC.csproj", "{D4DB66D0-04C0-4BC4-8663-5560E87CCA74}"
EndProject
Global
	GlobalSection(SolutionConfigurationPlatforms) = preSolution
		Debug|Any CPU = Debug|Any CPU
		Release|Any CPU = Release|Any CPU
	EndGlobalSection
	GlobalSection(ProjectConfigurationPlatforms) = postSolution
		{D4DB66D0-04C0-4BC4-8663-5560E87CCA74}.Debug|Any CPU.ActiveCfg = Debug|Any CPU
		{D4DB66D0-04C0-4BC4-8663-5560E87CCA74}.Debug|Any CPU.Build.0 = Debug|Any CPU
		{D4DB66D0-04C0-4BC4-8663-5560E87CCA74}.Release|Any CPU.ActiveCfg = Release|Any CPU
		{D4DB66D0-04C0-4BC4-8663-5560E87CCA74}.Release|Any CPU.Build.0 = Release|Any CPU
	EndGlobalSection
	GlobalSection(SolutionProperties) = preSolution
		HideSolutionNode = FALSE
	EndGlobalSection
	GlobalSection(ExtensibilityGlobals) = postSolution
		SolutionGuid = {35227014-CEB8-446D-AD3E-CA5D878309BD}
	EndGlobalSection
EndGlobal
